// !$*UTF8*$!
{
	archiveVersion = 1;
	classes = {
	};
	objectVersion = 46;
	objects = {

/* Begin PBXBuildFile section */
		CE9AB1DF1F7BA2020011A827 /* AppDelegate.swift in Sources */ = {isa = PBXBuildFile; fileRef = CE9AB1DE1F7BA2020011A827 /* AppDelegate.swift */; };
		CE9AB1E11F7BA2020011A827 /* ViewController.swift in Sources */ = {isa = PBXBuildFile; fileRef = CE9AB1E01F7BA2020011A827 /* ViewController.swift */; };
		CE9AB1E41F7BA2020011A827 /* Main.storyboard in Resources */ = {isa = PBXBuildFile; fileRef = CE9AB1E21F7BA2020011A827 /* Main.storyboard */; };
		CE9AB1E61F7BA2020011A827 /* Assets.xcassets in Resources */ = {isa = PBXBuildFile; fileRef = CE9AB1E51F7BA2020011A827 /* Assets.xcassets */; };
		CE9AB1E91F7BA2020011A827 /* LaunchScreen.storyboard in Resources */ = {isa = PBXBuildFile; fileRef = CE9AB1E71F7BA2020011A827 /* LaunchScreen.storyboard */; };
		CE9AB1F41F7BA2020011A827 /* NumberAppTests.swift in Sources */ = {isa = PBXBuildFile; fileRef = CE9AB1F31F7BA2020011A827 /* NumberAppTests.swift */; };
		CE9AB1FF1F7BA2020011A827 /* NumberAppUITests.swift in Sources */ = {isa = PBXBuildFile; fileRef = CE9AB1FE1F7BA2020011A827 /* NumberAppUITests.swift */; };
/* End PBXBuildFile section */

/* Begin PBXContainerItemProxy section */
		CE9AB1F01F7BA2020011A827 /* PBXContainerItemProxy */ = {
			isa = PBXContainerItemProxy;
			containerPortal = CE9AB1D31F7BA2020011A827 /* Project object */;
			proxyType = 1;
			remoteGlobalIDString = CE9AB1DA1F7BA2020011A827;
			remoteInfo = NumberApp;
		};
		CE9AB1FB1F7BA2020011A827 /* PBXContainerItemProxy */ = {
			isa = PBXContainerItemProxy;
			containerPortal = CE9AB1D31F7BA2020011A827 /* Project object */;
			proxyType = 1;
			remoteGlobalIDString = CE9AB1DA1F7BA2020011A827;
			remoteInfo = NumberApp;
		};
/* End PBXContainerItemProxy section */

/* Begin PBXFileReference section */
		CE9AB1DB1F7BA2020011A827 /* NumberApp.app */ = {isa = PBXFileReference; explicitFileType = wrapper.application; includeInIndex = 0; path = NumberApp.app; sourceTree = BUILT_PRODUCTS_DIR; };
		CE9AB1DE1F7BA2020011A827 /* AppDelegate.swift */ = {isa = PBXFileReference; lastKnownFileType = sourcecode.swift; path = AppDelegate.swift; sourceTree = "<group>"; };
		CE9AB1E01F7BA2020011A827 /* ViewController.swift */ = {isa = PBXFileReference; lastKnownFileType = sourcecode.swift; path = ViewController.swift; sourceTree = "<group>"; };
		CE9AB1E31F7BA2020011A827 /* Base */ = {isa = PBXFileReference; lastKnownFileType = file.storyboard; name = Base; path = Base.lproj/Main.storyboard; sourceTree = "<group>"; };
		CE9AB1E51F7BA2020011A827 /* Assets.xcassets */ = {isa = PBXFileReference; lastKnownFileType = folder.assetcatalog; path = Assets.xcassets; sourceTree = "<group>"; };
		CE9AB1E81F7BA2020011A827 /* Base */ = {isa = PBXFileReference; lastKnownFileType = file.storyboard; name = Base; path = Base.lproj/LaunchScreen.storyboard; sourceTree = "<group>"; };
		CE9AB1EA1F7BA2020011A827 /* Info.plist */ = {isa = PBXFileReference; lastKnownFileType = text.plist.xml; path = Info.plist; sourceTree = "<group>"; };
		CE9AB1EF1F7BA2020011A827 /* NumberAppTests.xctest */ = {isa = PBXFileReference; explicitFileType = wrapper.cfbundle; includeInIndex = 0; path = NumberAppTests.xctest; sourceTree = BUILT_PRODUCTS_DIR; };
		CE9AB1F31F7BA2020011A827 /* NumberAppTests.swift */ = {isa = PBXFileReference; lastKnownFileType = sourcecode.swift; path = NumberAppTests.swift; sourceTree = "<group>"; };
		CE9AB1F51F7BA2020011A827 /* Info.plist */ = {isa = PBXFileReference; lastKnownFileType = text.plist.xml; path = Info.plist; sourceTree = "<group>"; };
		CE9AB1FA1F7BA2020011A827 /* NumberAppUITests.xctest */ = {isa = PBXFileReference; explicitFileType = wrapper.cfbundle; includeInIndex = 0; path = NumberAppUITests.xctest; sourceTree = BUILT_PRODUCTS_DIR; };
		CE9AB1FE1F7BA2020011A827 /* NumberAppUITests.swift */ = {isa = PBXFileReference; lastKnownFileType = sourcecode.swift; path = NumberAppUITests.swift; sourceTree = "<group>"; };
		CE9AB2001F7BA2020011A827 /* Info.plist */ = {isa = PBXFileReference; lastKnownFileType = text.plist.xml; path = Info.plist; sourceTree = "<group>"; };
/* End PBXFileReference section */

/* Begin PBXFrameworksBuildPhase section */
		CE9AB1D81F7BA2020011A827 /* Frameworks */ = {
			isa = PBXFrameworksBuildPhase;
			buildActionMask = 2147483647;
			files = (
			);
			runOnlyForDeploymentPostprocessing = 0;
		};
		CE9AB1EC1F7BA2020011A827 /* Frameworks */ = {
			isa = PBXFrameworksBuildPhase;
			buildActionMask = 2147483647;
			files = (
			);
			runOnlyForDeploymentPostprocessing = 0;
		};
		CE9AB1F71F7BA2020011A827 /* Frameworks */ = {
			isa = PBXFrameworksBuildPhase;
			buildActionMask = 2147483647;
			files = (
			);
			runOnlyForDeploymentPostprocessing = 0;
		};
/* End PBXFrameworksBuildPhase section */

/* Begin PBXGroup section */
		CE9AB1D21F7BA2020011A827 = {
			isa = PBXGroup;
			children = (
				CE9AB1DD1F7BA2020011A827 /* NumberApp */,
				CE9AB1F21F7BA2020011A827 /* NumberAppTests */,
				CE9AB1FD1F7BA2020011A827 /* NumberAppUITests */,
				CE9AB1DC1F7BA2020011A827 /* Products */,
			);
			sourceTree = "<group>";
		};
		CE9AB1DC1F7BA2020011A827 /* Products */ = {
			isa = PBXGroup;
			children = (
				CE9AB1DB1F7BA2020011A827 /* NumberApp.app */,
				CE9AB1EF1F7BA2020011A827 /* NumberAppTests.xctest */,
				CE9AB1FA1F7BA2020011A827 /* NumberAppUITests.xctest */,
			);
			name = Products;
			sourceTree = "<group>";
		};
		CE9AB1DD1F7BA2020011A827 /* NumberApp */ = {
			isa = PBXGroup;
			children = (
				CE9AB1DE1F7BA2020011A827 /* AppDelegate.swift */,
				CE9AB1E01F7BA2020011A827 /* ViewController.swift */,
				CE9AB1E21F7BA2020011A827 /* Main.storyboard */,
				CE9AB1E51F7BA2020011A827 /* Assets.xcassets */,
				CE9AB1E71F7BA2020011A827 /* LaunchScreen.storyboard */,
				CE9AB1EA1F7BA2020011A827 /* Info.plist */,
			);
			path = NumberApp;
			sourceTree = "<group>";
		};
		CE9AB1F21F7BA2020011A827 /* NumberAppTests */ = {
			isa = PBXGroup;
			children = (
				CE9AB1F31F7BA2020011A827 /* NumberAppTests.swift */,
				CE9AB1F51F7BA2020011A827 /* Info.plist */,
			);
			path = NumberAppTests;
			sourceTree = "<group>";
		};
		CE9AB1FD1F7BA2020011A827 /* NumberAppUITests */ = {
			isa = PBXGroup;
			children = (
				CE9AB1FE1F7BA2020011A827 /* NumberAppUITests.swift */,
				CE9AB2001F7BA2020011A827 /* Info.plist */,
			);
			path = NumberAppUITests;
			sourceTree = "<group>";
		};
/* End PBXGroup section */

/* Begin PBXNativeTarget section */
		CE9AB1DA1F7BA2020011A827 /* NumberApp */ = {
			isa = PBXNativeTarget;
			buildConfigurationList = CE9AB2031F7BA2020011A827 /* Build configuration list for PBXNativeTarget "NumberApp" */;
			buildPhases = (
				CE9AB1D71F7BA2020011A827 /* Sources */,
				CE9AB1D81F7BA2020011A827 /* Frameworks */,
				CE9AB1D91F7BA2020011A827 /* Resources */,
			);
			buildRules = (
			);
			dependencies = (
			);
			name = NumberApp;
			productName = NumberApp;
			productReference = CE9AB1DB1F7BA2020011A827 /* NumberApp.app */;
			productType = "com.apple.product-type.application";
		};
		CE9AB1EE1F7BA2020011A827 /* NumberAppTests */ = {
			isa = PBXNativeTarget;
			buildConfigurationList = CE9AB2061F7BA2020011A827 /* Build configuration list for PBXNativeTarget "NumberAppTests" */;
			buildPhases = (
				CE9AB1EB1F7BA2020011A827 /* Sources */,
				CE9AB1EC1F7BA2020011A827 /* Frameworks */,
				CE9AB1ED1F7BA2020011A827 /* Resources */,
			);
			buildRules = (
			);
			dependencies = (
				CE9AB1F11F7BA2020011A827 /* PBXTargetDependency */,
			);
			name = NumberAppTests;
			productName = NumberAppTests;
			productReference = CE9AB1EF1F7BA2020011A827 /* NumberAppTests.xctest */;
			productType = "com.apple.product-type.bundle.unit-test";
		};
		CE9AB1F91F7BA2020011A827 /* NumberAppUITests */ = {
			isa = PBXNativeTarget;
			buildConfigurationList = CE9AB2091F7BA2020011A827 /* Build configuration list for PBXNativeTarget "NumberAppUITests" */;
			buildPhases = (
				CE9AB1F61F7BA2020011A827 /* Sources */,
				CE9AB1F71F7BA2020011A827 /* Frameworks */,
				CE9AB1F81F7BA2020011A827 /* Resources */,
			);
			buildRules = (
			);
			dependencies = (
				CE9AB1FC1F7BA2020011A827 /* PBXTargetDependency */,
			);
			name = NumberAppUITests;
			productName = NumberAppUITests;
			productReference = CE9AB1FA1F7BA2020011A827 /* NumberAppUITests.xctest */;
			productType = "com.apple.product-type.bundle.ui-testing";
		};
/* End PBXNativeTarget section */

/* Begin PBXProject section */
		CE9AB1D31F7BA2020011A827 /* Project object */ = {
			isa = PBXProject;
			attributes = {
				LastSwiftUpdateCheck = 0830;
				LastUpgradeCheck = 0830;
				ORGANIZATIONNAME = ikea;
				TargetAttributes = {
					CE9AB1DA1F7BA2020011A827 = {
						CreatedOnToolsVersion = 8.3.2;
						ProvisioningStyle = Automatic;
					};
					CE9AB1EE1F7BA2020011A827 = {
						CreatedOnToolsVersion = 8.3.2;
						ProvisioningStyle = Automatic;
						TestTargetID = CE9AB1DA1F7BA2020011A827;
					};
					CE9AB1F91F7BA2020011A827 = {
						CreatedOnToolsVersion = 8.3.2;
						ProvisioningStyle = Automatic;
						TestTargetID = CE9AB1DA1F7BA2020011A827;
					};
				};
			};
			buildConfigurationList = CE9AB1D61F7BA2020011A827 /* Build configuration list for PBXProject "NumberApp" */;
			compatibilityVersion = "Xcode 3.2";
			developmentRegion = English;
			hasScannedForEncodings = 0;
			knownRegions = (
				en,
				Base,
			);
			mainGroup = CE9AB1D21F7BA2020011A827;
			productRefGroup = CE9AB1DC1F7BA2020011A827 /* Products */;
			projectDirPath = "";
			projectRoot = "";
			targets = (
				CE9AB1DA1F7BA2020011A827 /* NumberApp */,
				CE9AB1EE1F7BA2020011A827 /* NumberAppTests */,
				CE9AB1F91F7BA2020011A827 /* NumberAppUITests */,
			);
		};
/* End PBXProject section */

/* Begin PBXResourcesBuildPhase section */
		CE9AB1D91F7BA2020011A827 /* Resources */ = {
			isa = PBXResourcesBuildPhase;
			buildActionMask = 2147483647;
			files = (
				CE9AB1E91F7BA2020011A827 /* LaunchScreen.storyboard in Resources */,
				CE9AB1E61F7BA2020011A827 /* Assets.xcassets in Resources */,
				CE9AB1E41F7BA2020011A827 /* Main.storyboard in Resources */,
			);
			runOnlyForDeploymentPostprocessing = 0;
		};
		CE9AB1ED1F7BA2020011A827 /* Resources */ = {
			isa = PBXResourcesBuildPhase;
			buildActionMask = 2147483647;
			files = (
			);
			runOnlyForDeploymentPostprocessing = 0;
		};
		CE9AB1F81F7BA2020011A827 /* Resources */ = {
			isa = PBXResourcesBuildPhase;
			buildActionMask = 2147483647;
			files = (
			);
			runOnlyForDeploymentPostprocessing = 0;
		};
/* End PBXResourcesBuildPhase section */

/* Begin PBXSourcesBuildPhase section */
		CE9AB1D71F7BA2020011A827 /* Sources */ = {
			isa = PBXSourcesBuildPhase;
			buildActionMask = 2147483647;
			files = (
				CE9AB1E11F7BA2020011A827 /* ViewController.swift in Sources */,
				CE9AB1DF1F7BA2020011A827 /* AppDelegate.swift in Sources */,
			);
			runOnlyForDeploymentPostprocessing = 0;
		};
		CE9AB1EB1F7BA2020011A827 /* Sources */ = {
			isa = PBXSourcesBuildPhase;
			buildActionMask = 2147483647;
			files = (
				CE9AB1F41F7BA2020011A827 /* NumberAppTests.swift in Sources */,
			);
			runOnlyForDeploymentPostprocessing = 0;
		};
		CE9AB1F61F7BA2020011A827 /* Sources */ = {
			isa = PBXSourcesBuildPhase;
			buildActionMask = 2147483647;
			files = (
				CE9AB1FF1F7BA2020011A827 /* NumberAppUITests.swift in Sources */,
			);
			runOnlyForDeploymentPostprocessing = 0;
		};
/* End PBXSourcesBuildPhase section */

/* Begin PBXTargetDependency section */
		CE9AB1F11F7BA2020011A827 /* PBXTargetDependency */ = {
			isa = PBXTargetDependency;
			target = CE9AB1DA1F7BA2020011A827 /* NumberApp */;
			targetProxy = CE9AB1F01F7BA2020011A827 /* PBXContainerItemProxy */;
		};
		CE9AB1FC1F7BA2020011A827 /* PBXTargetDependency */ = {
			isa = PBXTargetDependency;
			target = CE9AB1DA1F7BA2020011A827 /* NumberApp */;
			targetProxy = CE9AB1FB1F7BA2020011A827 /* PBXContainerItemProxy */;
		};
/* End PBXTargetDependency section */

/* Begin PBXVariantGroup section */
		CE9AB1E21F7BA2020011A827 /* Main.storyboard */ = {
			isa = PBXVariantGroup;
			children = (
				CE9AB1E31F7BA2020011A827 /* Base */,
			);
			name = Main.storyboard;
			sourceTree = "<group>";
		};
		CE9AB1E71F7BA2020011A827 /* LaunchScreen.storyboard */ = {
			isa = PBXVariantGroup;
			children = (
				CE9AB1E81F7BA2020011A827 /* Base */,
			);
			name = LaunchScreen.storyboard;
			sourceTree = "<group>";
		};
/* End PBXVariantGroup section */

/* Begin XCBuildConfiguration section */
		CE9AB2011F7BA2020011A827 /* Debug */ = {
			isa = XCBuildConfiguration;
			buildSettings = {
				ALWAYS_SEARCH_USER_PATHS = NO;
				CLANG_ANALYZER_NONNULL = YES;
				CLANG_ANALYZER_NUMBER_OBJECT_CONVERSION = YES_AGGRESSIVE;
				CLANG_CXX_LANGUAGE_STANDARD = "gnu++0x";
				CLANG_CXX_LIBRARY = "libc++";
				CLANG_ENABLE_MODULES = YES;
				CLANG_ENABLE_OBJC_ARC = YES;
				CLANG_WARN_BOOL_CONVERSION = YES;
				CLANG_WARN_CONSTANT_CONVERSION = YES;
				CLANG_WARN_DIRECT_OBJC_ISA_USAGE = YES_ERROR;
				CLANG_WARN_DOCUMENTATION_COMMENTS = YES;
				CLANG_WARN_EMPTY_BODY = YES;
				CLANG_WARN_ENUM_CONVERSION = YES;
				CLANG_WARN_INFINITE_RECURSION = YES;
				CLANG_WARN_INT_CONVERSION = YES;
				CLANG_WARN_OBJC_ROOT_CLASS = YES_ERROR;
				CLANG_WARN_SUSPICIOUS_MOVE = YES;
				CLANG_WARN_UNREACHABLE_CODE = YES;
				CLANG_WARN__DUPLICATE_METHOD_MATCH = YES;
				"CODE_SIGN_IDENTITY[sdk=iphoneos*]" = "iPhone Developer";
				COPY_PHASE_STRIP = NO;
				DEBUG_INFORMATION_FORMAT = dwarf;
				ENABLE_STRICT_OBJC_MSGSEND = YES;
				ENABLE_TESTABILITY = YES;
				GCC_C_LANGUAGE_STANDARD = gnu99;
				GCC_DYNAMIC_NO_PIC = NO;
				GCC_NO_COMMON_BLOCKS = YES;
				GCC_OPTIMIZATION_LEVEL = 0;
				GCC_PREPROCESSOR_DEFINITIONS = (
					"DEBUG=1",
					"$(inherited)",
				);
				GCC_WARN_64_TO_32_BIT_CONVERSION = YES;
				GCC_WARN_ABOUT_RETURN_TYPE = YES_ERROR;
				GCC_WARN_UNDECLARED_SELECTOR = YES;
				GCC_WARN_UNINITIALIZED_AUTOS = YES_AGGRESSIVE;
				GCC_WARN_UNUSED_FUNCTION = YES;
				GCC_WARN_UNUSED_VARIABLE = YES;
				IPHONEOS_DEPLOYMENT_TARGET = 10.3;
				MTL_ENABLE_DEBUG_INFO = YES;
				ONLY_ACTIVE_ARCH = YES;
				SDKROOT = iphoneos;
				SWIFT_ACTIVE_COMPILATION_CONDITIONS = DEBUG;
				SWIFT_OPTIMIZATION_LEVEL = "-Onone";
			};
			name = Debug;
		};
		CE9AB2021F7BA2020011A827 /* Release */ = {
			isa = XCBuildConfiguration;
			buildSettings = {
				ALWAYS_SEARCH_USER_PATHS = NO;
				CLANG_ANALYZER_NONNULL = YES;
				CLANG_ANALYZER_NUMBER_OBJECT_CONVERSION = YES_AGGRESSIVE;
				CLANG_CXX_LANGUAGE_STANDARD = "gnu++0x";
				CLANG_CXX_LIBRARY = "libc++";
				CLANG_ENABLE_MODULES = YES;
				CLANG_ENABLE_OBJC_ARC = YES;
				CLANG_WARN_BOOL_CONVERSION = YES;
				CLANG_WARN_CONSTANT_CONVERSION = YES;
				CLANG_WARN_DIRECT_OBJC_ISA_USAGE = YES_ERROR;
				CLANG_WARN_DOCUMENTATION_COMMENTS = YES;
				CLANG_WARN_EMPTY_BODY = YES;
				CLANG_WARN_ENUM_CONVERSION = YES;
				CLANG_WARN_INFINITE_RECURSION = YES;
				CLANG_WARN_INT_CONVERSION = YES;
				CLANG_WARN_OBJC_ROOT_CLASS = YES_ERROR;
				CLANG_WARN_SUSPICIOUS_MOVE = YES;
				CLANG_WARN_UNREACHABLE_CODE = YES;
				CLANG_WARN__DUPLICATE_METHOD_MATCH = YES;
				"CODE_SIGN_IDENTITY[sdk=iphoneos*]" = "iPhone Developer";
				COPY_PHASE_STRIP = NO;
				DEBUG_INFORMATION_FORMAT = "dwarf-with-dsym";
				ENABLE_NS_ASSERTIONS = NO;
				ENABLE_STRICT_OBJC_MSGSEND = YES;
				GCC_C_LANGUAGE_STANDARD = gnu99;
				GCC_NO_COMMON_BLOCKS = YES;
				GCC_WARN_64_TO_32_BIT_CONVERSION = YES;
				GCC_WARN_ABOUT_RETURN_TYPE = YES_ERROR;
				GCC_WARN_UNDECLARED_SELECTOR = YES;
				GCC_WARN_UNINITIALIZED_AUTOS = YES_AGGRESSIVE;
				GCC_WARN_UNUSED_FUNCTION = YES;
				GCC_WARN_UNUSED_VARIABLE = YES;
				IPHONEOS_DEPLOYMENT_TARGET = 10.3;
				MTL_ENABLE_DEBUG_INFO = NO;
				SDKROOT = iphoneos;
				SWIFT_OPTIMIZATION_LEVEL = "-Owholemodule";
				VALIDATE_PRODUCT = YES;
			};
			name = Release;
		};
		CE9AB2041F7BA2020011A827 /* Debug */ = {
			isa = XCBuildConfiguration;
			buildSettings = {
				ASSETCATALOG_COMPILER_APPICON_NAME = AppIcon;
				INFOPLIST_FILE = NumberApp/Info.plist;
				IPHONEOS_DEPLOYMENT_TARGET = 9.0;
				LD_RUNPATH_SEARCH_PATHS = "$(inherited) @executable_path/Frameworks";
				PRODUCT_BUNDLE_IDENTIFIER = imba.NumberApp;
				PRODUCT_NAME = "$(TARGET_NAME)";
				SWIFT_VERSION = 3.0;
			};
			name = Debug;
		};
		CE9AB2051F7BA2020011A827 /* Release */ = {
			isa = XCBuildConfiguration;
			buildSettings = {
				ASSETCATALOG_COMPILER_APPICON_NAME = AppIcon;
				INFOPLIST_FILE = NumberApp/Info.plist;
				IPHONEOS_DEPLOYMENT_TARGET = 9.0;
				LD_RUNPATH_SEARCH_PATHS = "$(inherited) @executable_path/Frameworks";
				PRODUCT_BUNDLE_IDENTIFIER = imba.NumberApp;
				PRODUCT_NAME = "$(TARGET_NAME)";
				SWIFT_VERSION = 3.0;
			};
			name = Release;
		};
		CE9AB2071F7BA2020011A827 /* Debug */ = {
			isa = XCBuildConfiguration;
			buildSettings = {
				ALWAYS_EMBED_SWIFT_STANDARD_LIBRARIES = YES;
				BUNDLE_LOADER = "$(TEST_HOST)";
				INFOPLIST_FILE = NumberAppTests/Info.plist;
				LD_RUNPATH_SEARCH_PATHS = "$(inherited) @executable_path/Frameworks @loader_path/Frameworks";
				PRODUCT_BUNDLE_IDENTIFIER = imba.NumberAppTests;
				PRODUCT_NAME = "$(TARGET_NAME)";
				SWIFT_VERSION = 3.0;
				TEST_HOST = "$(BUILT_PRODUCTS_DIR)/NumberApp.app/NumberApp";
			};
			name = Debug;
		};
		CE9AB2081F7BA2020011A827 /* Release */ = {
			isa = XCBuildConfiguration;
			buildSettings = {
				ALWAYS_EMBED_SWIFT_STANDARD_LIBRARIES = YES;
				BUNDLE_LOADER = "$(TEST_HOST)";
				INFOPLIST_FILE = NumberAppTests/Info.plist;
				LD_RUNPATH_SEARCH_PATHS = "$(inherited) @executable_path/Frameworks @loader_path/Frameworks";
				PRODUCT_BUNDLE_IDENTIFIER = imba.NumberAppTests;
				PRODUCT_NAME = "$(TARGET_NAME)";
				SWIFT_VERSION = 3.0;
				TEST_HOST = "$(BUILT_PRODUCTS_DIR)/NumberApp.app/NumberApp";
			};
			name = Release;
		};
		CE9AB20A1F7BA2020011A827 /* Debug */ = {
			isa = XCBuildConfiguration;
			buildSettings = {
				ALWAYS_EMBED_SWIFT_STANDARD_LIBRARIES = YES;
				INFOPLIST_FILE = NumberAppUITests/Info.plist;
				LD_RUNPATH_SEARCH_PATHS = "$(inherited) @executable_path/Frameworks @loader_path/Frameworks";
				PRODUCT_BUNDLE_IDENTIFIER = imba.NumberAppUITests;
				PRODUCT_NAME = "$(TARGET_NAME)";
				SWIFT_VERSION = 3.0;
				TEST_TARGET_NAME = NumberApp;
			};
			name = Debug;
		};
		CE9AB20B1F7BA2020011A827 /* Release */ = {
			isa = XCBuildConfiguration;
			buildSettings = {
				ALWAYS_EMBED_SWIFT_STANDARD_LIBRARIES = YES;
				INFOPLIST_FILE = NumberAppUITests/Info.plist;
				LD_RUNPATH_SEARCH_PATHS = "$(inherited) @executable_path/Frameworks @loader_path/Frameworks";
				PRODUCT_BUNDLE_IDENTIFIER = imba.NumberAppUITests;
				PRODUCT_NAME = "$(TARGET_NAME)";
				SWIFT_VERSION = 3.0;
				TEST_TARGET_NAME = NumberApp;
			};
			name = Release;
		};
/* End XCBuildConfiguration section */

/* Begin XCConfigurationList section */
		CE9AB1D61F7BA2020011A827 /* Build configuration list for PBXProject "NumberApp" */ = {
			isa = XCConfigurationList;
			buildConfigurations = (
				CE9AB2011F7BA2020011A827 /* Debug */,
				CE9AB2021F7BA2020011A827 /* Release */,
			);
			defaultConfigurationIsVisible = 0;
			defaultConfigurationName = Release;
		};
		CE9AB2031F7BA2020011A827 /* Build configuration list for PBXNativeTarget "NumberApp" */ = {
			isa = XCConfigurationList;
			buildConfigurations = (
				CE9AB2041F7BA2020011A827 /* Debug */,
				CE9AB2051F7BA2020011A827 /* Release */,
			);
			defaultConfigurationIsVisible = 0;
		};
		CE9AB2061F7BA2020011A827 /* Build configuration list for PBXNativeTarget "NumberAppTests" */ = {
			isa = XCConfigurationList;
			buildConfigurations = (
				CE9AB2071F7BA2020011A827 /* Debug */,
				CE9AB2081F7BA2020011A827 /* Release */,
			);
			defaultConfigurationIsVisible = 0;
		};
		CE9AB2091F7BA2020011A827 /* Build configuration list for PBXNativeTarget "NumberAppUITests" */ = {
			isa = XCConfigurationList;
			buildConfigurations = (
				CE9AB20A1F7BA2020011A827 /* Debug */,
				CE9AB20B1F7BA2020011A827 /* Release */,
			);
			defaultConfigurationIsVisible = 0;
		};
/* End XCConfigurationList section */
	};
	rootObject = CE9AB1D31F7BA2020011A827 /* Project object */;
}
